
Microsoft Visual Studio Solution File, Format Version 12.00
# Visual Studio Version 17
VisualStudioVersion = 17.0.31903.59
MinimumVisualStudioVersion = 10.0.40219.1
Project("{FAE04EC0-301F-11D3-BF4B-00C04F79EFBC}") = "PrimeService", "PrimeService\PrimeService.csproj", "{835B4C76-A1DC-48F7-99A1-00847A564DE4}"
EndProject
Project("{FAE04EC0-301F-11D3-BF4B-00C04F79EFBC}") = "PrimeService.Tests", "PrimeService.Tests\PrimeService.Tests.csproj", "{0F4F9452-4F30-4925-B900-51C66356FE7E}"
EndProject
Global
	GlobalSection(SolutionConfigurationPlatforms) = preSolution
		Debug|Any CPU = Debug|Any CPU
		Release|Any CPU = Release|Any CPU
	EndGlobalSection
	GlobalSection(SolutionProperties) = preSolution
		HideSolutionNode = FALSE
	EndGlobalSection
	GlobalSection(ProjectConfigurationPlatforms) = postSolution
		{835B4C76-A1DC-48F7-99A1-00847A564DE4}.Debug|Any CPU.ActiveCfg = Debug|Any CPU
		{835B4C76-A1DC-48F7-99A1-00847A564DE4}.Debug|Any CPU.Build.0 = Debug|Any CPU
		{835B4C76-A1DC-48F7-99A1-00847A564DE4}.Release|Any CPU.ActiveCfg = Release|Any CPU
		{835B4C76-A1DC-48F7-99A1-00847A564DE4}.Release|Any CPU.Build.0 = Release|Any CPU
		{0F4F9452-4F30-4925-B900-51C66356FE7E}.Debug|Any CPU.ActiveCfg = Debug|Any CPU
		{0F4F9452-4F30-4925-B900-51C66356FE7E}.Debug|Any CPU.Build.0 = Debug|Any CPU
		{0F4F9452-4F30-4925-B900-51C66356FE7E}.Release|Any CPU.ActiveCfg = Release|Any CPU
		{0F4F9452-4F30-4925-B900-51C66356FE7E}.Release|Any CPU.Build.0 = Release|Any CPU
	EndGlobalSection
EndGlobal
